
Microsoft Visual Studio Solution File, Format Version 12.00
# Visual Studio Version 17
VisualStudioVersion = 17.10.35004.147
MinimumVisualStudioVersion = 10.0.40219.1
Project("{FAE04EC0-301F-11D3-BF4B-00C04F79EFBC}") = "Esercitazione", "Esercitazione.csproj", "{0A001563-B930-4757-B441-835CB0F2237F}"
EndProject
Global
	GlobalSection(SolutionConfigurationPlatforms) = preSolution
		Debug|Any CPU = Debug|Any CPU
		Release|Any CPU = Release|Any CPU
	EndGlobalSection
	GlobalSection(ProjectConfigurationPlatforms) = postSolution
		{0A001563-B930-4757-B441-835CB0F2237F}.Debug|Any CPU.ActiveCfg = Debug|Any CPU
		{0A001563-B930-4757-B441-835CB0F2237F}.Debug|Any CPU.Build.0 = Debug|Any CPU
		{0A001563-B930-4757-B441-835CB0F2237F}.Release|Any CPU.ActiveCfg = Release|Any CPU
		{0A001563-B930-4757-B441-835CB0F2237F}.Release|Any CPU.Build.0 = Release|Any CPU
	EndGlobalSection
	GlobalSection(SolutionProperties) = preSolution
		HideSolutionNode = FALSE
	EndGlobalSection
	GlobalSection(ExtensibilityGlobals) = postSolution
		SolutionGuid = {40179C9D-83E4-4A46-9745-841264A145D4}
	EndGlobalSection
EndGlobal
